
Microsoft Visual Studio Solution File, Format Version 12.00
# Visual Studio Version 17
VisualStudioVersion = 17.14.36518.9 d17.14
MinimumVisualStudioVersion = 10.0.40219.1
Project("{FAE04EC0-301F-11D3-BF4B-00C04F79EFBC}") = "DOANCANHAN", "DOANCANHAN\DOANCANHAN.csproj", "{51D705C0-3303-4793-8322-7A9695971065}"
EndProject
Global
	GlobalSection(SolutionConfigurationPlatforms) = preSolution
		Debug|Any CPU = Debug|Any CPU
		Release|Any CPU = Release|Any CPU
	EndGlobalSection
	GlobalSection(ProjectConfigurationPlatforms) = postSolution
		{51D705C0-3303-4793-8322-7A9695971065}.Debug|Any CPU.ActiveCfg = Debug|Any CPU
		{51D705C0-3303-4793-8322-7A9695971065}.Debug|Any CPU.Build.0 = Debug|Any CPU
		{51D705C0-3303-4793-8322-7A9695971065}.Release|Any CPU.ActiveCfg = Release|Any CPU
		{51D705C0-3303-4793-8322-7A9695971065}.Release|Any CPU.Build.0 = Release|Any CPU
	EndGlobalSection
	GlobalSection(SolutionProperties) = preSolution
		HideSolutionNode = FALSE
	EndGlobalSection
	GlobalSection(ExtensibilityGlobals) = postSolution
		SolutionGuid = {1A4E02F0-A2DF-4EEE-85A3-05E88EAB0CC8}
	EndGlobalSection
EndGlobal
